// !$*UTF8*$!
{
	archiveVersion = 1;
	classes = {
	};
	objectVersion = 56;
	objects = {

/* Begin PBXBuildFile section */
		AF109142290FBC1F00AAC754 /* RideType.swift in Sources */ = {isa = PBXBuildFile; fileRef = AF109140290FB9A700AAC754 /* RideType.swift */; };
		AF109144290FDB7500AAC754 /* Double.swift in Sources */ = {isa = PBXBuildFile; fileRef = AF109143290FDB7500AAC754 /* Double.swift */; };
		AF109146290FDFAC00AAC754 /* UberLocation.swift in Sources */ = {isa = PBXBuildFile; fileRef = AF109145290FDFAC00AAC754 /* UberLocation.swift */; };
		AF109148291014B200AAC754 /* Color.swift in Sources */ = {isa = PBXBuildFile; fileRef = AF109147291014B200AAC754 /* Color.swift */; };
		AFADFC3C290BCD1A00601293 /* UberCloneApp.swift in Sources */ = {isa = PBXBuildFile; fileRef = AFADFC3B290BCD1A00601293 /* UberCloneApp.swift */; };
		AFADFC40290BCD1D00601293 /* Assets.xcassets in Resources */ = {isa = PBXBuildFile; fileRef = AFADFC3F290BCD1D00601293 /* Assets.xcassets */; };
		AFADFC43290BCD1D00601293 /* Preview Assets.xcassets in Resources */ = {isa = PBXBuildFile; fileRef = AFADFC42290BCD1D00601293 /* Preview Assets.xcassets */; };
		AFADFC51290BD0E100601293 /* HomeView.swift in Sources */ = {isa = PBXBuildFile; fileRef = AFADFC50290BD0E100601293 /* HomeView.swift */; };
		AFADFC53290BD17E00601293 /* UberMapViewRepresentable.swift in Sources */ = {isa = PBXBuildFile; fileRef = AFADFC52290BD17E00601293 /* UberMapViewRepresentable.swift */; };
		AFADFC55290BD50300601293 /* LocationManager.swift in Sources */ = {isa = PBXBuildFile; fileRef = AFADFC54290BD50300601293 /* LocationManager.swift */; };
		AFADFC5B290C238100601293 /* LocationSearchActivationView.swift in Sources */ = {isa = PBXBuildFile; fileRef = AFADFC5A290C238100601293 /* LocationSearchActivationView.swift */; };
		AFADFC5D290C27B100601293 /* MapViewActionButton.swift in Sources */ = {isa = PBXBuildFile; fileRef = AFADFC5C290C27B100601293 /* MapViewActionButton.swift */; };
		AFADFC5F290C2AEA00601293 /* LocationSearchView.swift in Sources */ = {isa = PBXBuildFile; fileRef = AFADFC5E290C2AEA00601293 /* LocationSearchView.swift */; };
		AFADFC61290C2EDA00601293 /* LocationSearchResultCell.swift in Sources */ = {isa = PBXBuildFile; fileRef = AFADFC60290C2EDA00601293 /* LocationSearchResultCell.swift */; };
		AFADFC63290D14DE00601293 /* LocationSearchViewModel.swift in Sources */ = {isa = PBXBuildFile; fileRef = AFADFC62290D14DE00601293 /* LocationSearchViewModel.swift */; };
		AFADFC65290D84A400601293 /* MapViewState.swift in Sources */ = {isa = PBXBuildFile; fileRef = AFADFC64290D84A400601293 /* MapViewState.swift */; };
		AFF6B838290E92DD00E14208 /* RideRequestView.swift in Sources */ = {isa = PBXBuildFile; fileRef = AFF6B837290E92DD00E14208 /* RideRequestView.swift */; };
/* End PBXBuildFile section */

/* Begin PBXFileReference section */
		AF109140290FB9A700AAC754 /* RideType.swift */ = {isa = PBXFileReference; lastKnownFileType = sourcecode.swift; path = RideType.swift; sourceTree = "<group>"; };
		AF109143290FDB7500AAC754 /* Double.swift */ = {isa = PBXFileReference; lastKnownFileType = sourcecode.swift; path = Double.swift; sourceTree = "<group>"; };
		AF109145290FDFAC00AAC754 /* UberLocation.swift */ = {isa = PBXFileReference; lastKnownFileType = sourcecode.swift; path = UberLocation.swift; sourceTree = "<group>"; };
		AF109147291014B200AAC754 /* Color.swift */ = {isa = PBXFileReference; lastKnownFileType = sourcecode.swift; path = Color.swift; sourceTree = "<group>"; };
		AFADFC38290BCD1A00601293 /* UberClone.app */ = {isa = PBXFileReference; explicitFileType = wrapper.application; includeInIndex = 0; path = UberClone.app; sourceTree = BUILT_PRODUCTS_DIR; };
		AFADFC3B290BCD1A00601293 /* UberCloneApp.swift */ = {isa = PBXFileReference; lastKnownFileType = sourcecode.swift; path = UberCloneApp.swift; sourceTree = "<group>"; };
		AFADFC3F290BCD1D00601293 /* Assets.xcassets */ = {isa = PBXFileReference; lastKnownFileType = folder.assetcatalog; path = Assets.xcassets; sourceTree = "<group>"; };
		AFADFC42290BCD1D00601293 /* Preview Assets.xcassets */ = {isa = PBXFileReference; lastKnownFileType = folder.assetcatalog; path = "Preview Assets.xcassets"; sourceTree = "<group>"; };
		AFADFC50290BD0E100601293 /* HomeView.swift */ = {isa = PBXFileReference; lastKnownFileType = sourcecode.swift; path = HomeView.swift; sourceTree = "<group>"; };
		AFADFC52290BD17E00601293 /* UberMapViewRepresentable.swift */ = {isa = PBXFileReference; lastKnownFileType = sourcecode.swift; path = UberMapViewRepresentable.swift; sourceTree = "<group>"; };
		AFADFC54290BD50300601293 /* LocationManager.swift */ = {isa = PBXFileReference; lastKnownFileType = sourcecode.swift; path = LocationManager.swift; sourceTree = "<group>"; };
		AFADFC5A290C238100601293 /* LocationSearchActivationView.swift */ = {isa = PBXFileReference; lastKnownFileType = sourcecode.swift; path = LocationSearchActivationView.swift; sourceTree = "<group>"; };
		AFADFC5C290C27B100601293 /* MapViewActionButton.swift */ = {isa = PBXFileReference; lastKnownFileType = sourcecode.swift; path = MapViewActionButton.swift; sourceTree = "<group>"; };
		AFADFC5E290C2AEA00601293 /* LocationSearchView.swift */ = {isa = PBXFileReference; lastKnownFileType = sourcecode.swift; path = LocationSearchView.swift; sourceTree = "<group>"; };
		AFADFC60290C2EDA00601293 /* LocationSearchResultCell.swift */ = {isa = PBXFileReference; lastKnownFileType = sourcecode.swift; path = LocationSearchResultCell.swift; sourceTree = "<group>"; };
		AFADFC62290D14DE00601293 /* LocationSearchViewModel.swift */ = {isa = PBXFileReference; lastKnownFileType = sourcecode.swift; path = LocationSearchViewModel.swift; sourceTree = "<group>"; };
		AFADFC64290D84A400601293 /* MapViewState.swift */ = {isa = PBXFileReference; lastKnownFileType = sourcecode.swift; path = MapViewState.swift; sourceTree = "<group>"; };
		AFF6B837290E92DD00E14208 /* RideRequestView.swift */ = {isa = PBXFileReference; lastKnownFileType = sourcecode.swift; path = RideRequestView.swift; sourceTree = "<group>"; };
/* End PBXFileReference section */

/* Begin PBXFrameworksBuildPhase section */
		AFADFC35290BCD1A00601293 /* Frameworks */ = {
			isa = PBXFrameworksBuildPhase;
			buildActionMask = 2147483647;
			files = (
			);
			runOnlyForDeploymentPostprocessing = 0;
		};
/* End PBXFrameworksBuildPhase section */

/* Begin PBXGroup section */
		AFADFC2F290BCD1A00601293 = {
			isa = PBXGroup;
			children = (
				AFADFC3A290BCD1A00601293 /* UberClone */,
				AFADFC39290BCD1A00601293 /* Products */,
			);
			sourceTree = "<group>";
		};
		AFADFC39290BCD1A00601293 /* Products */ = {
			isa = PBXGroup;
			children = (
				AFADFC38290BCD1A00601293 /* UberClone.app */,
			);
			name = Products;
			sourceTree = "<group>";
		};
		AFADFC3A290BCD1A00601293 /* UberClone */ = {
			isa = PBXGroup;
			children = (
				AFADFC49290BD07100601293 /* App */,
				AFADFC4A290BD07D00601293 /* Core */,
				AFADFC4B290BD08200601293 /* Extention */,
				AFADFC4D290BD09200601293 /* Managers */,
				AFADFC4C290BD08900601293 /* Models */,
				AFADFC3F290BCD1D00601293 /* Assets.xcassets */,
				AFADFC41290BCD1D00601293 /* Preview Content */,
			);
			path = UberClone;
			sourceTree = "<group>";
		};
		AFADFC41290BCD1D00601293 /* Preview Content */ = {
			isa = PBXGroup;
			children = (
				AFADFC42290BCD1D00601293 /* Preview Assets.xcassets */,
			);
			path = "Preview Content";
			sourceTree = "<group>";
		};
		AFADFC49290BD07100601293 /* App */ = {
			isa = PBXGroup;
			children = (
				AFADFC3B290BCD1A00601293 /* UberCloneApp.swift */,
			);
			path = App;
			sourceTree = "<group>";
		};
		AFADFC4A290BD07D00601293 /* Core */ = {
			isa = PBXGroup;
			children = (
				AFF6B836290E92CA00E14208 /* Trips */,
				AFADFC57290C235400601293 /* LocationSearch */,
				AFADFC56290C234600601293 /* Home */,
			);
			path = Core;
			sourceTree = "<group>";
		};
		AFADFC4B290BD08200601293 /* Extention */ = {
			isa = PBXGroup;
			children = (
				AF109143290FDB7500AAC754 /* Double.swift */,
				AF109147291014B200AAC754 /* Color.swift */,
			);
			path = Extention;
			sourceTree = "<group>";
		};
		AFADFC4C290BD08900601293 /* Models */ = {
			isa = PBXGroup;
			children = (
				AFADFC64290D84A400601293 /* MapViewState.swift */,
				AF109140290FB9A700AAC754 /* RideType.swift */,
				AF109145290FDFAC00AAC754 /* UberLocation.swift */,
			);
			path = Models;
			sourceTree = "<group>";
		};
		AFADFC4D290BD09200601293 /* Managers */ = {
			isa = PBXGroup;
			children = (
				AFADFC54290BD50300601293 /* LocationManager.swift */,
			);
			path = Managers;
			sourceTree = "<group>";
		};
		AFADFC4E290BD0BF00601293 /* ViewModels */ = {
			isa = PBXGroup;
			children = (
			);
			path = ViewModels;
			sourceTree = "<group>";
		};
		AFADFC4F290BD0C700601293 /* Views */ = {
			isa = PBXGroup;
			children = (
				AFADFC50290BD0E100601293 /* HomeView.swift */,
				AFADFC52290BD17E00601293 /* UberMapViewRepresentable.swift */,
				AFADFC5C290C27B100601293 /* MapViewActionButton.swift */,
			);
			path = Views;
			sourceTree = "<group>";
		};
		AFADFC56290C234600601293 /* Home */ = {
			isa = PBXGroup;
			children = (
				AFADFC4F290BD0C700601293 /* Views */,
				AFADFC4E290BD0BF00601293 /* ViewModels */,
			);
			path = Home;
			sourceTree = "<group>";
		};
		AFADFC57290C235400601293 /* LocationSearch */ = {
			isa = PBXGroup;
			children = (
				AFADFC59290C236400601293 /* ViewModel */,
				AFADFC58290C235F00601293 /* View */,
			);
			path = LocationSearch;
			sourceTree = "<group>";
		};
		AFADFC58290C235F00601293 /* View */ = {
			isa = PBXGroup;
			children = (
				AFADFC5A290C238100601293 /* LocationSearchActivationView.swift */,
				AFADFC5E290C2AEA00601293 /* LocationSearchView.swift */,
				AFADFC60290C2EDA00601293 /* LocationSearchResultCell.swift */,
			);
			path = View;
			sourceTree = "<group>";
		};
		AFADFC59290C236400601293 /* ViewModel */ = {
			isa = PBXGroup;
			children = (
				AFADFC62290D14DE00601293 /* LocationSearchViewModel.swift */,
			);
			path = ViewModel;
			sourceTree = "<group>";
		};
		AFF6B836290E92CA00E14208 /* Trips */ = {
			isa = PBXGroup;
			children = (
				AFF6B837290E92DD00E14208 /* RideRequestView.swift */,
			);
			path = Trips;
			sourceTree = "<group>";
		};
/* End PBXGroup section */

/* Begin PBXNativeTarget section */
		AFADFC37290BCD1A00601293 /* UberClone */ = {
			isa = PBXNativeTarget;
			buildConfigurationList = AFADFC46290BCD1D00601293 /* Build configuration list for PBXNativeTarget "UberClone" */;
			buildPhases = (
				AFADFC34290BCD1A00601293 /* Sources */,
				AFADFC35290BCD1A00601293 /* Frameworks */,
				AFADFC36290BCD1A00601293 /* Resources */,
			);
			buildRules = (
			);
			dependencies = (
			);
			name = UberClone;
			productName = UberClone;
			productReference = AFADFC38290BCD1A00601293 /* UberClone.app */;
			productType = "com.apple.product-type.application";
		};
/* End PBXNativeTarget section */

/* Begin PBXProject section */
		AFADFC30290BCD1A00601293 /* Project object */ = {
			isa = PBXProject;
			attributes = {
				BuildIndependentTargetsInParallel = 1;
				LastSwiftUpdateCheck = 1400;
				LastUpgradeCheck = 1400;
				TargetAttributes = {
					AFADFC37290BCD1A00601293 = {
						CreatedOnToolsVersion = 14.0.1;
					};
				};
			};
			buildConfigurationList = AFADFC33290BCD1A00601293 /* Build configuration list for PBXProject "UberClone" */;
			compatibilityVersion = "Xcode 14.0";
			developmentRegion = en;
			hasScannedForEncodings = 0;
			knownRegions = (
				en,
				Base,
			);
			mainGroup = AFADFC2F290BCD1A00601293;
			productRefGroup = AFADFC39290BCD1A00601293 /* Products */;
			projectDirPath = "";
			projectRoot = "";
			targets = (
				AFADFC37290BCD1A00601293 /* UberClone */,
			);
		};
/* End PBXProject section */

/* Begin PBXResourcesBuildPhase section */
		AFADFC36290BCD1A00601293 /* Resources */ = {
			isa = PBXResourcesBuildPhase;
			buildActionMask = 2147483647;
			files = (
				AFADFC43290BCD1D00601293 /* Preview Assets.xcassets in Resources */,
				AFADFC40290BCD1D00601293 /* Assets.xcassets in Resources */,
			);
			runOnlyForDeploymentPostprocessing = 0;
		};
/* End PBXResourcesBuildPhase section */

/* Begin PBXSourcesBuildPhase section */
		AFADFC34290BCD1A00601293 /* Sources */ = {
			isa = PBXSourcesBuildPhase;
			buildActionMask = 2147483647;
			files = (
				AFADFC63290D14DE00601293 /* LocationSearchViewModel.swift in Sources */,
				AFADFC5F290C2AEA00601293 /* LocationSearchView.swift in Sources */,
				AFADFC55290BD50300601293 /* LocationManager.swift in Sources */,
				AFF6B838290E92DD00E14208 /* RideRequestView.swift in Sources */,
				AF109144290FDB7500AAC754 /* Double.swift in Sources */,
				AFADFC65290D84A400601293 /* MapViewState.swift in Sources */,
				AFADFC5D290C27B100601293 /* MapViewActionButton.swift in Sources */,
				AFADFC3C290BCD1A00601293 /* UberCloneApp.swift in Sources */,
				AF109148291014B200AAC754 /* Color.swift in Sources */,
				AFADFC53290BD17E00601293 /* UberMapViewRepresentable.swift in Sources */,
				AFADFC51290BD0E100601293 /* HomeView.swift in Sources */,
				AF109146290FDFAC00AAC754 /* UberLocation.swift in Sources */,
				AFADFC5B290C238100601293 /* LocationSearchActivationView.swift in Sources */,
				AFADFC61290C2EDA00601293 /* LocationSearchResultCell.swift in Sources */,
				AF109142290FBC1F00AAC754 /* RideType.swift in Sources */,
			);
			runOnlyForDeploymentPostprocessing = 0;
		};
/* End PBXSourcesBuildPhase section */

/* Begin XCBuildConfiguration section */
		AFADFC44290BCD1D00601293 /* Debug */ = {
			isa = XCBuildConfiguration;
			buildSettings = {
				ALWAYS_SEARCH_USER_PATHS = NO;
				CLANG_ANALYZER_NONNULL = YES;
				CLANG_ANALYZER_NUMBER_OBJECT_CONVERSION = YES_AGGRESSIVE;
				CLANG_CXX_LANGUAGE_STANDARD = "gnu++20";
				CLANG_ENABLE_MODULES = YES;
				CLANG_ENABLE_OBJC_ARC = YES;
				CLANG_ENABLE_OBJC_WEAK = YES;
				CLANG_WARN_BLOCK_CAPTURE_AUTORELEASING = YES;
				CLANG_WARN_BOOL_CONVERSION = YES;
				CLANG_WARN_COMMA = YES;
				CLANG_WARN_CONSTANT_CONVERSION = YES;
				CLANG_WARN_DEPRECATED_OBJC_IMPLEMENTATIONS = YES;
				CLANG_WARN_DIRECT_OBJC_ISA_USAGE = YES_ERROR;
				CLANG_WARN_DOCUMENTATION_COMMENTS = YES;
				CLANG_WARN_EMPTY_BODY = YES;
				CLANG_WARN_ENUM_CONVERSION = YES;
				CLANG_WARN_INFINITE_RECURSION = YES;
				CLANG_WARN_INT_CONVERSION = YES;
				CLANG_WARN_NON_LITERAL_NULL_CONVERSION = YES;
				CLANG_WARN_OBJC_IMPLICIT_RETAIN_SELF = YES;
				CLANG_WARN_OBJC_LITERAL_CONVERSION = YES;
				CLANG_WARN_OBJC_ROOT_CLASS = YES_ERROR;
				CLANG_WARN_QUOTED_INCLUDE_IN_FRAMEWORK_HEADER = YES;
				CLANG_WARN_RANGE_LOOP_ANALYSIS = YES;
				CLANG_WARN_STRICT_PROTOTYPES = YES;
				CLANG_WARN_SUSPICIOUS_MOVE = YES;
				CLANG_WARN_UNGUARDED_AVAILABILITY = YES_AGGRESSIVE;
				CLANG_WARN_UNREACHABLE_CODE = YES;
				CLANG_WARN__DUPLICATE_METHOD_MATCH = YES;
				COPY_PHASE_STRIP = NO;
				DEBUG_INFORMATION_FORMAT = dwarf;
				ENABLE_STRICT_OBJC_MSGSEND = YES;
				ENABLE_TESTABILITY = YES;
				GCC_C_LANGUAGE_STANDARD = gnu11;
				GCC_DYNAMIC_NO_PIC = NO;
				GCC_NO_COMMON_BLOCKS = YES;
				GCC_OPTIMIZATION_LEVEL = 0;
				GCC_PREPROCESSOR_DEFINITIONS = (
					"DEBUG=1",
					"$(inherited)",
				);
				GCC_WARN_64_TO_32_BIT_CONVERSION = YES;
				GCC_WARN_ABOUT_RETURN_TYPE = YES_ERROR;
				GCC_WARN_UNDECLARED_SELECTOR = YES;
				GCC_WARN_UNINITIALIZED_AUTOS = YES_AGGRESSIVE;
				GCC_WARN_UNUSED_FUNCTION = YES;
				GCC_WARN_UNUSED_VARIABLE = YES;
				IPHONEOS_DEPLOYMENT_TARGET = 15.6;
				MTL_ENABLE_DEBUG_INFO = INCLUDE_SOURCE;
				MTL_FAST_MATH = YES;
				ONLY_ACTIVE_ARCH = YES;
				SDKROOT = iphoneos;
				SWIFT_ACTIVE_COMPILATION_CONDITIONS = DEBUG;
				SWIFT_OPTIMIZATION_LEVEL = "-Onone";
			};
			name = Debug;
		};
		AFADFC45290BCD1D00601293 /* Release */ = {
			isa = XCBuildConfiguration;
			buildSettings = {
				ALWAYS_SEARCH_USER_PATHS = NO;
				CLANG_ANALYZER_NONNULL = YES;
				CLANG_ANALYZER_NUMBER_OBJECT_CONVERSION = YES_AGGRESSIVE;
				CLANG_CXX_LANGUAGE_STANDARD = "gnu++20";
				CLANG_ENABLE_MODULES = YES;
				CLANG_ENABLE_OBJC_ARC = YES;
				CLANG_ENABLE_OBJC_WEAK = YES;
				CLANG_WARN_BLOCK_CAPTURE_AUTORELEASING = YES;
				CLANG_WARN_BOOL_CONVERSION = YES;
				CLANG_WARN_COMMA = YES;
				CLANG_WARN_CONSTANT_CONVERSION = YES;
				CLANG_WARN_DEPRECATED_OBJC_IMPLEMENTATIONS = YES;
				CLANG_WARN_DIRECT_OBJC_ISA_USAGE = YES_ERROR;
				CLANG_WARN_DOCUMENTATION_COMMENTS = YES;
				CLANG_WARN_EMPTY_BODY = YES;
				CLANG_WARN_ENUM_CONVERSION = YES;
				CLANG_WARN_INFINITE_RECURSION = YES;
				CLANG_WARN_INT_CONVERSION = YES;
				CLANG_WARN_NON_LITERAL_NULL_CONVERSION = YES;
				CLANG_WARN_OBJC_IMPLICIT_RETAIN_SELF = YES;
				CLANG_WARN_OBJC_LITERAL_CONVERSION = YES;
				CLANG_WARN_OBJC_ROOT_CLASS = YES_ERROR;
				CLANG_WARN_QUOTED_INCLUDE_IN_FRAMEWORK_HEADER = YES;
				CLANG_WARN_RANGE_LOOP_ANALYSIS = YES;
				CLANG_WARN_STRICT_PROTOTYPES = YES;
				CLANG_WARN_SUSPICIOUS_MOVE = YES;
				CLANG_WARN_UNGUARDED_AVAILABILITY = YES_AGGRESSIVE;
				CLANG_WARN_UNREACHABLE_CODE = YES;
				CLANG_WARN__DUPLICATE_METHOD_MATCH = YES;
				COPY_PHASE_STRIP = NO;
				DEBUG_INFORMATION_FORMAT = "dwarf-with-dsym";
				ENABLE_NS_ASSERTIONS = NO;
				ENABLE_STRICT_OBJC_MSGSEND = YES;
				GCC_C_LANGUAGE_STANDARD = gnu11;
				GCC_NO_COMMON_BLOCKS = YES;
				GCC_WARN_64_TO_32_BIT_CONVERSION = YES;
				GCC_WARN_ABOUT_RETURN_TYPE = YES_ERROR;
				GCC_WARN_UNDECLARED_SELECTOR = YES;
				GCC_WARN_UNINITIALIZED_AUTOS = YES_AGGRESSIVE;
				GCC_WARN_UNUSED_FUNCTION = YES;
				GCC_WARN_UNUSED_VARIABLE = YES;
				IPHONEOS_DEPLOYMENT_TARGET = 15.6;
				MTL_ENABLE_DEBUG_INFO = NO;
				MTL_FAST_MATH = YES;
				SDKROOT = iphoneos;
				SWIFT_COMPILATION_MODE = wholemodule;
				SWIFT_OPTIMIZATION_LEVEL = "-O";
				VALIDATE_PRODUCT = YES;
			};
			name = Release;
		};
		AFADFC47290BCD1D00601293 /* Debug */ = {
			isa = XCBuildConfiguration;
			buildSettings = {
				ASSETCATALOG_COMPILER_APPICON_NAME = AppIcon;
				ASSETCATALOG_COMPILER_GLOBAL_ACCENT_COLOR_NAME = AccentColor;
				CODE_SIGN_STYLE = Automatic;
				CURRENT_PROJECT_VERSION = 1;
				DEVELOPMENT_ASSET_PATHS = "\"UberClone/Preview Content\"";
				DEVELOPMENT_TEAM = R2D7Z9B9A5;
				ENABLE_PREVIEWS = YES;
				GENERATE_INFOPLIST_FILE = YES;
				INFOPLIST_KEY_NSLocationWhenInUseUsageDescription = "Please allow us to access your location";
				INFOPLIST_KEY_UIApplicationSceneManifest_Generation = YES;
				INFOPLIST_KEY_UIApplicationSupportsIndirectInputEvents = YES;
				INFOPLIST_KEY_UILaunchScreen_Generation = YES;
				INFOPLIST_KEY_UISupportedInterfaceOrientations_iPad = "UIInterfaceOrientationPortrait UIInterfaceOrientationPortraitUpsideDown UIInterfaceOrientationLandscapeLeft UIInterfaceOrientationLandscapeRight";
				INFOPLIST_KEY_UISupportedInterfaceOrientations_iPhone = "UIInterfaceOrientationPortrait UIInterfaceOrientationLandscapeLeft UIInterfaceOrientationLandscapeRight";
				LD_RUNPATH_SEARCH_PATHS = (
					"$(inherited)",
					"@executable_path/Frameworks",
				);
				MARKETING_VERSION = 1.0;
				PRODUCT_BUNDLE_IDENTIFIER = yeldosmarat.UberClone;
				PRODUCT_NAME = "$(TARGET_NAME)";
				SWIFT_EMIT_LOC_STRINGS = YES;
				SWIFT_VERSION = 5.0;
				TARGETED_DEVICE_FAMILY = "1,2";
			};
			name = Debug;
		};
		AFADFC48290BCD1D00601293 /* Release */ = {
			isa = XCBuildConfiguration;
			buildSettings = {
				ASSETCATALOG_COMPILER_APPICON_NAME = AppIcon;
				ASSETCATALOG_COMPILER_GLOBAL_ACCENT_COLOR_NAME = AccentColor;
				CODE_SIGN_STYLE = Automatic;
				CURRENT_PROJECT_VERSION = 1;
				DEVELOPMENT_ASSET_PATHS = "\"UberClone/Preview Content\"";
				DEVELOPMENT_TEAM = R2D7Z9B9A5;
				ENABLE_PREVIEWS = YES;
				GENERATE_INFOPLIST_FILE = YES;
				INFOPLIST_KEY_NSLocationWhenInUseUsageDescription = "Please allow us to access your location";
				INFOPLIST_KEY_UIApplicationSceneManifest_Generation = YES;
				INFOPLIST_KEY_UIApplicationSupportsIndirectInputEvents = YES;
				INFOPLIST_KEY_UILaunchScreen_Generation = YES;
				INFOPLIST_KEY_UISupportedInterfaceOrientations_iPad = "UIInterfaceOrientationPortrait UIInterfaceOrientationPortraitUpsideDown UIInterfaceOrientationLandscapeLeft UIInterfaceOrientationLandscapeRight";
				INFOPLIST_KEY_UISupportedInterfaceOrientations_iPhone = "UIInterfaceOrientationPortrait UIInterfaceOrientationLandscapeLeft UIInterfaceOrientationLandscapeRight";
				LD_RUNPATH_SEARCH_PATHS = (
					"$(inherited)",
					"@executable_path/Frameworks",
				);
				MARKETING_VERSION = 1.0;
				PRODUCT_BUNDLE_IDENTIFIER = yeldosmarat.UberClone;
				PRODUCT_NAME = "$(TARGET_NAME)";
				SWIFT_EMIT_LOC_STRINGS = YES;
				SWIFT_VERSION = 5.0;
				TARGETED_DEVICE_FAMILY = "1,2";
			};
			name = Release;
		};
/* End XCBuildConfiguration section */

/* Begin XCConfigurationList section */
		AFADFC33290BCD1A00601293 /* Build configuration list for PBXProject "UberClone" */ = {
			isa = XCConfigurationList;
			buildConfigurations = (
				AFADFC44290BCD1D00601293 /* Debug */,
				AFADFC45290BCD1D00601293 /* Release */,
			);
			defaultConfigurationIsVisible = 0;
			defaultConfigurationName = Release;
		};
		AFADFC46290BCD1D00601293 /* Build configuration list for PBXNativeTarget "UberClone" */ = {
			isa = XCConfigurationList;
			buildConfigurations = (
				AFADFC47290BCD1D00601293 /* Debug */,
				AFADFC48290BCD1D00601293 /* Release */,
			);
			defaultConfigurationIsVisible = 0;
			defaultConfigurationName = Release;
		};
/* End XCConfigurationList section */
	};
	rootObject = AFADFC30290BCD1A00601293 /* Project object */;
}
